dependencies:
  espressif/mdns:
    component_hash: 3ec0af5f6bce310512e90f482388d21cc7c0e99668172d2f895356165fc6f7c5
    source:
      service_url: https://api.components.espressif.com/
      type: service
    version: 1.8.2
  idf:
    component_hash: null
    source:
      type: idf
    version: 5.2.1
  joltwallet/littlefs:
    component_hash: 34b8c56a14f10b440845fe972ce34ef41d1d205bcb139b3dfc58983a10abf59b
    source:
      service_url: https://api.components.espressif.com/
      type: service
    version: 1.19.1
  protocol_examples_common:
    component_hash: null
    source:
      path: C:\Users\djzma\esp\v5.2.1\esp-idf\examples\common_components\protocol_examples_common
      type: local
    version: '*'
manifest_hash: 6905dea71a2111aba33f6ecc9f089d9228df7df35ac0e7e3ee32126b87563c94
target: esp32
version: 1.0.0
